
Microsoft Visual Studio Solution File, Format Version 12.00
# Visual Studio Version 17
VisualStudioVersion = 17.13.35913.81 d17.13
MinimumVisualStudioVersion = 10.0.40219.1
Project("{FAE04EC0-301F-11D3-BF4B-00C04F79EFBC}") = "SWEN_Game", "SWEN_Game\SWEN_Game.csproj", "{39928DCE-8F98-4E37-B8B2-72C60F59448B}"
EndProject
Global
	GlobalSection(SolutionConfigurationPlatforms) = preSolution
		Debug|Any CPU = Debug|Any CPU
		Release|Any CPU = Release|Any CPU
	EndGlobalSection
	GlobalSection(ProjectConfigurationPlatforms) = postSolution
		{39928DCE-8F98-4E37-B8B2-72C60F59448B}.Debug|Any CPU.ActiveCfg = Debug|Any CPU
		{39928DCE-8F98-4E37-B8B2-72C60F59448B}.Debug|Any CPU.Build.0 = Debug|Any CPU
		{39928DCE-8F98-4E37-B8B2-72C60F59448B}.Release|Any CPU.ActiveCfg = Release|Any CPU
		{39928DCE-8F98-4E37-B8B2-72C60F59448B}.Release|Any CPU.Build.0 = Release|Any CPU
	EndGlobalSection
	GlobalSection(SolutionProperties) = preSolution
		HideSolutionNode = FALSE
	EndGlobalSection
	GlobalSection(ExtensibilityGlobals) = postSolution
		SolutionGuid = {14DFD6BC-2DFC-4E37-B33C-0407BE3B4B80}
	EndGlobalSection
EndGlobal
